
Microsoft Visual Studio Solution File, Format Version 12.00
# Visual Studio 15
VisualStudioVersion = 15.0.28307.271
MinimumVisualStudioVersion = 10.0.40219.1
Project("{9A19103F-16F7-4668-BE54-9A1E7A4F7556}") = "PizzariaUDS", "PizzariaUDS\PizzariaUDS.csproj", "{42C6BB26-A57A-4947-BD37-C2C09607F239}"
EndProject
Global
	GlobalSection(SolutionConfigurationPlatforms) = preSolution
		Debug|Any CPU = Debug|Any CPU
		Release|Any CPU = Release|Any CPU
	EndGlobalSection
	GlobalSection(ProjectConfigurationPlatforms) = postSolution
		{42C6BB26-A57A-4947-BD37-C2C09607F239}.Debug|Any CPU.ActiveCfg = Debug|Any CPU
		{42C6BB26-A57A-4947-BD37-C2C09607F239}.Debug|Any CPU.Build.0 = Debug|Any CPU
		{42C6BB26-A57A-4947-BD37-C2C09607F239}.Release|Any CPU.ActiveCfg = Release|Any CPU
		{42C6BB26-A57A-4947-BD37-C2C09607F239}.Release|Any CPU.Build.0 = Release|Any CPU
	EndGlobalSection
	GlobalSection(SolutionProperties) = preSolution
		HideSolutionNode = FALSE
	EndGlobalSection
	GlobalSection(ExtensibilityGlobals) = postSolution
		SolutionGuid = {A5973BF8-7AC1-4B29-A2EA-1BF2E12F0F4C}
	EndGlobalSection
EndGlobal
